
Microsoft Visual Studio Solution File, Format Version 12.00
# Visual Studio Version 17
VisualStudioVersion = 17.4.33213.308
MinimumVisualStudioVersion = 10.0.40219.1
Project("{FAE04EC0-301F-11D3-BF4B-00C04F79EFBC}") = "NewShoreAirApi", "NewShoreAirApi\NewShoreAirApi.csproj", "{5904B4B2-7E47-450F-AF29-7A3C22430319}"
EndProject
Project("{FAE04EC0-301F-11D3-BF4B-00C04F79EFBC}") = "Model", "Model\Model.csproj", "{4540DA3A-4D82-49B6-B097-172E3321F30B}"
EndProject
Project("{FAE04EC0-301F-11D3-BF4B-00C04F79EFBC}") = "Business", "Business\Business.csproj", "{A24C3788-1C04-401F-B69E-E227C1A1BA86}"
EndProject
Project("{FAE04EC0-301F-11D3-BF4B-00C04F79EFBC}") = "Data", "Data\Data.csproj", "{F80E42FB-3C3E-48E9-B735-57A81D3A0087}"
EndProject
Global
	GlobalSection(SolutionConfigurationPlatforms) = preSolution
		Debug|Any CPU = Debug|Any CPU
		Release|Any CPU = Release|Any CPU
	EndGlobalSection
	GlobalSection(ProjectConfigurationPlatforms) = postSolution
		{5904B4B2-7E47-450F-AF29-7A3C22430319}.Debug|Any CPU.ActiveCfg = Debug|Any CPU
		{5904B4B2-7E47-450F-AF29-7A3C22430319}.Debug|Any CPU.Build.0 = Debug|Any CPU
		{5904B4B2-7E47-450F-AF29-7A3C22430319}.Release|Any CPU.ActiveCfg = Release|Any CPU
		{5904B4B2-7E47-450F-AF29-7A3C22430319}.Release|Any CPU.Build.0 = Release|Any CPU
		{4540DA3A-4D82-49B6-B097-172E3321F30B}.Debug|Any CPU.ActiveCfg = Debug|Any CPU
		{4540DA3A-4D82-49B6-B097-172E3321F30B}.Debug|Any CPU.Build.0 = Debug|Any CPU
		{4540DA3A-4D82-49B6-B097-172E3321F30B}.Release|Any CPU.ActiveCfg = Release|Any CPU
		{4540DA3A-4D82-49B6-B097-172E3321F30B}.Release|Any CPU.Build.0 = Release|Any CPU
		{A24C3788-1C04-401F-B69E-E227C1A1BA86}.Debug|Any CPU.ActiveCfg = Debug|Any CPU
		{A24C3788-1C04-401F-B69E-E227C1A1BA86}.Debug|Any CPU.Build.0 = Debug|Any CPU
		{A24C3788-1C04-401F-B69E-E227C1A1BA86}.Release|Any CPU.ActiveCfg = Release|Any CPU
		{A24C3788-1C04-401F-B69E-E227C1A1BA86}.Release|Any CPU.Build.0 = Release|Any CPU
		{F80E42FB-3C3E-48E9-B735-57A81D3A0087}.Debug|Any CPU.ActiveCfg = Debug|Any CPU
		{F80E42FB-3C3E-48E9-B735-57A81D3A0087}.Debug|Any CPU.Build.0 = Debug|Any CPU
		{F80E42FB-3C3E-48E9-B735-57A81D3A0087}.Release|Any CPU.ActiveCfg = Release|Any CPU
		{F80E42FB-3C3E-48E9-B735-57A81D3A0087}.Release|Any CPU.Build.0 = Release|Any CPU
	EndGlobalSection
	GlobalSection(SolutionProperties) = preSolution
		HideSolutionNode = FALSE
	EndGlobalSection
	GlobalSection(ExtensibilityGlobals) = postSolution
		SolutionGuid = {019535B8-D034-4C81-B6AB-479B85ECD8DB}
	EndGlobalSection
EndGlobal
